// !$*UTF8*$!
{
	archiveVersion = 1;
	classes = {
	};
	objectVersion = 46;
	objects = {

/* Begin PBXBuildFile section */
		CD372A811D2571B400F947F9 /* CatCurl.sks in Resources */ = {isa = PBXBuildFile; fileRef = CD372A801D2571B400F947F9 /* CatCurl.sks */; };
		CD372A831D25723900F947F9 /* Cat_WakeUp.sks in Resources */ = {isa = PBXBuildFile; fileRef = CD372A821D25723900F947F9 /* Cat_WakeUp.sks */; };
		CDB86ED91D27FA3D00A7A818 /* BedNode.swift in Sources */ = {isa = PBXBuildFile; fileRef = CDB86ED81D27FA3D00A7A818 /* BedNode.swift */; };
		CDB86EDB1D27FB9900A7A818 /* CatNode.swift in Sources */ = {isa = PBXBuildFile; fileRef = CDB86EDA1D27FB9900A7A818 /* CatNode.swift */; };
		CDB86EE91D27FF6A00A7A818 /* CGFloat+Extensions.swift in Sources */ = {isa = PBXBuildFile; fileRef = CDB86EDD1D27FF6A00A7A818 /* CGFloat+Extensions.swift */; };
		CDB86EEA1D27FF6A00A7A818 /* CGPoint+Extensions.swift in Sources */ = {isa = PBXBuildFile; fileRef = CDB86EDE1D27FF6A00A7A818 /* CGPoint+Extensions.swift */; };
		CDB86EEB1D27FF6A00A7A818 /* CGVector+Extensions.swift in Sources */ = {isa = PBXBuildFile; fileRef = CDB86EDF1D27FF6A00A7A818 /* CGVector+Extensions.swift */; };
		CDB86EEC1D27FF6A00A7A818 /* Int+Extensions.swift in Sources */ = {isa = PBXBuildFile; fileRef = CDB86EE01D27FF6A00A7A818 /* Int+Extensions.swift */; };
		CDB86EED1D27FF6A00A7A818 /* SKAction+Extensions.swift in Sources */ = {isa = PBXBuildFile; fileRef = CDB86EE11D27FF6A00A7A818 /* SKAction+Extensions.swift */; };
		CDB86EEE1D27FF6A00A7A818 /* SKAction+SpecialEffects.swift in Sources */ = {isa = PBXBuildFile; fileRef = CDB86EE21D27FF6A00A7A818 /* SKAction+SpecialEffects.swift */; };
		CDB86EEF1D27FF6A00A7A818 /* SKColor+Extensions.swift in Sources */ = {isa = PBXBuildFile; fileRef = CDB86EE31D27FF6A00A7A818 /* SKColor+Extensions.swift */; };
		CDB86EF01D27FF6A00A7A818 /* SKNode+Extensions.swift in Sources */ = {isa = PBXBuildFile; fileRef = CDB86EE41D27FF6A00A7A818 /* SKNode+Extensions.swift */; };
		CDB86EF11D27FF6A00A7A818 /* SKTAudio.swift in Sources */ = {isa = PBXBuildFile; fileRef = CDB86EE51D27FF6A00A7A818 /* SKTAudio.swift */; };
		CDB86EF21D27FF6A00A7A818 /* SKTEffects.swift in Sources */ = {isa = PBXBuildFile; fileRef = CDB86EE61D27FF6A00A7A818 /* SKTEffects.swift */; };
		CDB86EF31D27FF6A00A7A818 /* SKTTimingFunctions.swift in Sources */ = {isa = PBXBuildFile; fileRef = CDB86EE71D27FF6A00A7A818 /* SKTTimingFunctions.swift */; };
		CDB86EF41D27FF6A00A7A818 /* Vector3.swift in Sources */ = {isa = PBXBuildFile; fileRef = CDB86EE81D27FF6A00A7A818 /* Vector3.swift */; };
		CDB86EF61D28031C00A7A818 /* BlockNode.swift in Sources */ = {isa = PBXBuildFile; fileRef = CDB86EF51D28031C00A7A818 /* BlockNode.swift */; };
		CDB86EF81D2806B700A7A818 /* MessageNode.swift in Sources */ = {isa = PBXBuildFile; fileRef = CDB86EF71D2806B700A7A818 /* MessageNode.swift */; };
		CDB9D7031D241B47004C5C06 /* AppDelegate.swift in Sources */ = {isa = PBXBuildFile; fileRef = CDB9D7021D241B47004C5C06 /* AppDelegate.swift */; };
		CDB9D7051D241B47004C5C06 /* GameScene.sks in Resources */ = {isa = PBXBuildFile; fileRef = CDB9D7041D241B47004C5C06 /* GameScene.sks */; };
		CDB9D7071D241B47004C5C06 /* GameScene.swift in Sources */ = {isa = PBXBuildFile; fileRef = CDB9D7061D241B47004C5C06 /* GameScene.swift */; };
		CDB9D7091D241B47004C5C06 /* GameViewController.swift in Sources */ = {isa = PBXBuildFile; fileRef = CDB9D7081D241B47004C5C06 /* GameViewController.swift */; };
		CDB9D70C1D241B47004C5C06 /* Main.storyboard in Resources */ = {isa = PBXBuildFile; fileRef = CDB9D70A1D241B47004C5C06 /* Main.storyboard */; };
		CDB9D70E1D241B47004C5C06 /* Assets.xcassets in Resources */ = {isa = PBXBuildFile; fileRef = CDB9D70D1D241B47004C5C06 /* Assets.xcassets */; };
		CDB9D7111D241B47004C5C06 /* LaunchScreen.storyboard in Resources */ = {isa = PBXBuildFile; fileRef = CDB9D70F1D241B47004C5C06 /* LaunchScreen.storyboard */; };
		CDB9D71D1D241E3E004C5C06 /* backgroundMusic.mp3 in Resources */ = {isa = PBXBuildFile; fileRef = CDB9D7181D241E3E004C5C06 /* backgroundMusic.mp3 */; };
		CDB9D71E1D241E3E004C5C06 /* lose.mp3 in Resources */ = {isa = PBXBuildFile; fileRef = CDB9D7191D241E3E004C5C06 /* lose.mp3 */; };
		CDB9D71F1D241E3E004C5C06 /* mrreow.mp3 in Resources */ = {isa = PBXBuildFile; fileRef = CDB9D71A1D241E3E004C5C06 /* mrreow.mp3 */; };
		CDB9D7201D241E3E004C5C06 /* pop.mp3 in Resources */ = {isa = PBXBuildFile; fileRef = CDB9D71B1D241E3E004C5C06 /* pop.mp3 */; };
		CDB9D7211D241E3E004C5C06 /* win.mp3 in Resources */ = {isa = PBXBuildFile; fileRef = CDB9D71C1D241E3E004C5C06 /* win.mp3 */; };
		CDB9D7251D242129004C5C06 /* Cat.sks in Resources */ = {isa = PBXBuildFile; fileRef = CDB9D7241D242129004C5C06 /* Cat.sks */; };
/* End PBXBuildFile section */

/* Begin PBXFileReference section */
		CD372A801D2571B400F947F9 /* CatCurl.sks */ = {isa = PBXFileReference; lastKnownFileType = file.sks; path = CatCurl.sks; sourceTree = "<group>"; };
		CD372A821D25723900F947F9 /* Cat_WakeUp.sks */ = {isa = PBXFileReference; lastKnownFileType = file.sks; path = Cat_WakeUp.sks; sourceTree = "<group>"; };
		CDB86ED81D27FA3D00A7A818 /* BedNode.swift */ = {isa = PBXFileReference; fileEncoding = 4; lastKnownFileType = sourcecode.swift; path = BedNode.swift; sourceTree = "<group>"; };
		CDB86EDA1D27FB9900A7A818 /* CatNode.swift */ = {isa = PBXFileReference; fileEncoding = 4; lastKnownFileType = sourcecode.swift; path = CatNode.swift; sourceTree = "<group>"; };
		CDB86EDD1D27FF6A00A7A818 /* CGFloat+Extensions.swift */ = {isa = PBXFileReference; fileEncoding = 4; lastKnownFileType = sourcecode.swift; path = "CGFloat+Extensions.swift"; sourceTree = "<group>"; };
		CDB86EDE1D27FF6A00A7A818 /* CGPoint+Extensions.swift */ = {isa = PBXFileReference; fileEncoding = 4; lastKnownFileType = sourcecode.swift; path = "CGPoint+Extensions.swift"; sourceTree = "<group>"; };
		CDB86EDF1D27FF6A00A7A818 /* CGVector+Extensions.swift */ = {isa = PBXFileReference; fileEncoding = 4; lastKnownFileType = sourcecode.swift; path = "CGVector+Extensions.swift"; sourceTree = "<group>"; };
		CDB86EE01D27FF6A00A7A818 /* Int+Extensions.swift */ = {isa = PBXFileReference; fileEncoding = 4; lastKnownFileType = sourcecode.swift; path = "Int+Extensions.swift"; sourceTree = "<group>"; };
		CDB86EE11D27FF6A00A7A818 /* SKAction+Extensions.swift */ = {isa = PBXFileReference; fileEncoding = 4; lastKnownFileType = sourcecode.swift; path = "SKAction+Extensions.swift"; sourceTree = "<group>"; };
		CDB86EE21D27FF6A00A7A818 /* SKAction+SpecialEffects.swift */ = {isa = PBXFileReference; fileEncoding = 4; lastKnownFileType = sourcecode.swift; path = "SKAction+SpecialEffects.swift"; sourceTree = "<group>"; };
		CDB86EE31D27FF6A00A7A818 /* SKColor+Extensions.swift */ = {isa = PBXFileReference; fileEncoding = 4; lastKnownFileType = sourcecode.swift; path = "SKColor+Extensions.swift"; sourceTree = "<group>"; };
		CDB86EE41D27FF6A00A7A818 /* SKNode+Extensions.swift */ = {isa = PBXFileReference; fileEncoding = 4; lastKnownFileType = sourcecode.swift; path = "SKNode+Extensions.swift"; sourceTree = "<group>"; };
		CDB86EE51D27FF6A00A7A818 /* SKTAudio.swift */ = {isa = PBXFileReference; fileEncoding = 4; lastKnownFileType = sourcecode.swift; path = SKTAudio.swift; sourceTree = "<group>"; };
		CDB86EE61D27FF6A00A7A818 /* SKTEffects.swift */ = {isa = PBXFileReference; fileEncoding = 4; lastKnownFileType = sourcecode.swift; path = SKTEffects.swift; sourceTree = "<group>"; };
		CDB86EE71D27FF6A00A7A818 /* SKTTimingFunctions.swift */ = {isa = PBXFileReference; fileEncoding = 4; lastKnownFileType = sourcecode.swift; path = SKTTimingFunctions.swift; sourceTree = "<group>"; };
		CDB86EE81D27FF6A00A7A818 /* Vector3.swift */ = {isa = PBXFileReference; fileEncoding = 4; lastKnownFileType = sourcecode.swift; path = Vector3.swift; sourceTree = "<group>"; };
		CDB86EF51D28031C00A7A818 /* BlockNode.swift */ = {isa = PBXFileReference; fileEncoding = 4; lastKnownFileType = sourcecode.swift; path = BlockNode.swift; sourceTree = "<group>"; };
		CDB86EF71D2806B700A7A818 /* MessageNode.swift */ = {isa = PBXFileReference; fileEncoding = 4; lastKnownFileType = sourcecode.swift; path = MessageNode.swift; sourceTree = "<group>"; };
		CDB9D6FF1D241B47004C5C06 /* Cat Nap.app */ = {isa = PBXFileReference; explicitFileType = wrapper.application; includeInIndex = 0; path = "Cat Nap.app"; sourceTree = BUILT_PRODUCTS_DIR; };
		CDB9D7021D241B47004C5C06 /* AppDelegate.swift */ = {isa = PBXFileReference; lastKnownFileType = sourcecode.swift; path = AppDelegate.swift; sourceTree = "<group>"; };
		CDB9D7041D241B47004C5C06 /* GameScene.sks */ = {isa = PBXFileReference; lastKnownFileType = file.sks; path = GameScene.sks; sourceTree = "<group>"; };
		CDB9D7061D241B47004C5C06 /* GameScene.swift */ = {isa = PBXFileReference; lastKnownFileType = sourcecode.swift; path = GameScene.swift; sourceTree = "<group>"; };
		CDB9D7081D241B47004C5C06 /* GameViewController.swift */ = {isa = PBXFileReference; lastKnownFileType = sourcecode.swift; path = GameViewController.swift; sourceTree = "<group>"; };
		CDB9D70B1D241B47004C5C06 /* Base */ = {isa = PBXFileReference; lastKnownFileType = file.storyboard; name = Base; path = Base.lproj/Main.storyboard; sourceTree = "<group>"; };
		CDB9D70D1D241B47004C5C06 /* Assets.xcassets */ = {isa = PBXFileReference; lastKnownFileType = folder.assetcatalog; path = Assets.xcassets; sourceTree = "<group>"; };
		CDB9D7101D241B47004C5C06 /* Base */ = {isa = PBXFileReference; lastKnownFileType = file.storyboard; name = Base; path = Base.lproj/LaunchScreen.storyboard; sourceTree = "<group>"; };
		CDB9D7121D241B47004C5C06 /* Info.plist */ = {isa = PBXFileReference; lastKnownFileType = text.plist.xml; path = Info.plist; sourceTree = "<group>"; };
		CDB9D7181D241E3E004C5C06 /* backgroundMusic.mp3 */ = {isa = PBXFileReference; lastKnownFileType = audio.mp3; path = backgroundMusic.mp3; sourceTree = "<group>"; };
		CDB9D7191D241E3E004C5C06 /* lose.mp3 */ = {isa = PBXFileReference; lastKnownFileType = audio.mp3; path = lose.mp3; sourceTree = "<group>"; };
		CDB9D71A1D241E3E004C5C06 /* mrreow.mp3 */ = {isa = PBXFileReference; lastKnownFileType = audio.mp3; path = mrreow.mp3; sourceTree = "<group>"; };
		CDB9D71B1D241E3E004C5C06 /* pop.mp3 */ = {isa = PBXFileReference; lastKnownFileType = audio.mp3; path = pop.mp3; sourceTree = "<group>"; };
		CDB9D71C1D241E3E004C5C06 /* win.mp3 */ = {isa = PBXFileReference; lastKnownFileType = audio.mp3; path = win.mp3; sourceTree = "<group>"; };
		CDB9D7241D242129004C5C06 /* Cat.sks */ = {isa = PBXFileReference; lastKnownFileType = file.sks; path = Cat.sks; sourceTree = "<group>"; };
/* End PBXFileReference section */

/* Begin PBXFrameworksBuildPhase section */
		CDB9D6FC1D241B47004C5C06 /* Frameworks */ = {
			isa = PBXFrameworksBuildPhase;
			buildActionMask = 2147483647;
			files = (
			);
			runOnlyForDeploymentPostprocessing = 0;
		};
/* End PBXFrameworksBuildPhase section */

/* Begin PBXGroup section */
		CDB86EDC1D27FF6A00A7A818 /* SKTUtils */ = {
			isa = PBXGroup;
			children = (
				CDB86EDD1D27FF6A00A7A818 /* CGFloat+Extensions.swift */,
				CDB86EDE1D27FF6A00A7A818 /* CGPoint+Extensions.swift */,
				CDB86EDF1D27FF6A00A7A818 /* CGVector+Extensions.swift */,
				CDB86EE01D27FF6A00A7A818 /* Int+Extensions.swift */,
				CDB86EE11D27FF6A00A7A818 /* SKAction+Extensions.swift */,
				CDB86EE21D27FF6A00A7A818 /* SKAction+SpecialEffects.swift */,
				CDB86EE31D27FF6A00A7A818 /* SKColor+Extensions.swift */,
				CDB86EE41D27FF6A00A7A818 /* SKNode+Extensions.swift */,
				CDB86EE51D27FF6A00A7A818 /* SKTAudio.swift */,
				CDB86EE61D27FF6A00A7A818 /* SKTEffects.swift */,
				CDB86EE71D27FF6A00A7A818 /* SKTTimingFunctions.swift */,
				CDB86EE81D27FF6A00A7A818 /* Vector3.swift */,
			);
			path = SKTUtils;
			sourceTree = "<group>";
		};
		CDB9D6F61D241B47004C5C06 = {
			isa = PBXGroup;
			children = (
				CDB9D7011D241B47004C5C06 /* Cat Nap */,
				CDB9D7001D241B47004C5C06 /* Products */,
			);
			sourceTree = "<group>";
		};
		CDB9D7001D241B47004C5C06 /* Products */ = {
			isa = PBXGroup;
			children = (
				CDB9D6FF1D241B47004C5C06 /* Cat Nap.app */,
			);
			name = Products;
			sourceTree = "<group>";
		};
		CDB9D7011D241B47004C5C06 /* Cat Nap */ = {
			isa = PBXGroup;
			children = (
				CDB86EDC1D27FF6A00A7A818 /* SKTUtils */,
				CDB9D7221D2420ED004C5C06 /* Sounds */,
				CDB9D7021D241B47004C5C06 /* AppDelegate.swift */,
				CDB9D7231D2420F4004C5C06 /* Scene */,
				CDB9D7061D241B47004C5C06 /* GameScene.swift */,
				CDB86ED81D27FA3D00A7A818 /* BedNode.swift */,
				CDB9D7081D241B47004C5C06 /* GameViewController.swift */,
				CDB9D70A1D241B47004C5C06 /* Main.storyboard */,
				CDB9D70D1D241B47004C5C06 /* Assets.xcassets */,
				CDB9D70F1D241B47004C5C06 /* LaunchScreen.storyboard */,
				CDB9D7121D241B47004C5C06 /* Info.plist */,
				CDB86EDA1D27FB9900A7A818 /* CatNode.swift */,
				CDB86EF51D28031C00A7A818 /* BlockNode.swift */,
				CDB86EF71D2806B700A7A818 /* MessageNode.swift */,
			);
			path = "Cat Nap";
			sourceTree = "<group>";
		};
		CDB9D7221D2420ED004C5C06 /* Sounds */ = {
			isa = PBXGroup;
			children = (
				CDB9D7181D241E3E004C5C06 /* backgroundMusic.mp3 */,
				CDB9D7191D241E3E004C5C06 /* lose.mp3 */,
				CDB9D71A1D241E3E004C5C06 /* mrreow.mp3 */,
				CDB9D71B1D241E3E004C5C06 /* pop.mp3 */,
				CDB9D71C1D241E3E004C5C06 /* win.mp3 */,
			);
			name = Sounds;
			sourceTree = "<group>";
		};
		CDB9D7231D2420F4004C5C06 /* Scene */ = {
			isa = PBXGroup;
			children = (
				CDB9D7041D241B47004C5C06 /* GameScene.sks */,
				CDB9D7241D242129004C5C06 /* Cat.sks */,
				CD372A801D2571B400F947F9 /* CatCurl.sks */,
				CD372A821D25723900F947F9 /* Cat_WakeUp.sks */,
			);
			name = Scene;
			sourceTree = "<group>";
		};
/* End PBXGroup section */

/* Begin PBXNativeTarget section */
		CDB9D6FE1D241B47004C5C06 /* Cat Nap */ = {
			isa = PBXNativeTarget;
			buildConfigurationList = CDB9D7151D241B47004C5C06 /* Build configuration list for PBXNativeTarget "Cat Nap" */;
			buildPhases = (
				CDB9D6FB1D241B47004C5C06 /* Sources */,
				CDB9D6FC1D241B47004C5C06 /* Frameworks */,
				CDB9D6FD1D241B47004C5C06 /* Resources */,
			);
			buildRules = (
			);
			dependencies = (
			);
			name = "Cat Nap";
			productName = "Cat Nap";
			productReference = CDB9D6FF1D241B47004C5C06 /* Cat Nap.app */;
			productType = "com.apple.product-type.application";
		};
/* End PBXNativeTarget section */

/* Begin PBXProject section */
		CDB9D6F71D241B47004C5C06 /* Project object */ = {
			isa = PBXProject;
			attributes = {
				LastSwiftUpdateCheck = 0730;
				LastUpgradeCheck = 0730;
				ORGANIZATIONNAME = "Van Luu";
				TargetAttributes = {
					CDB9D6FE1D241B47004C5C06 = {
						CreatedOnToolsVersion = 7.3.1;
						DevelopmentTeam = RJ6676GSKP;
					};
				};
			};
			buildConfigurationList = CDB9D6FA1D241B47004C5C06 /* Build configuration list for PBXProject "Cat Nap" */;
			compatibilityVersion = "Xcode 3.2";
			developmentRegion = English;
			hasScannedForEncodings = 0;
			knownRegions = (
				en,
				Base,
			);
			mainGroup = CDB9D6F61D241B47004C5C06;
			productRefGroup = CDB9D7001D241B47004C5C06 /* Products */;
			projectDirPath = "";
			projectRoot = "";
			targets = (
				CDB9D6FE1D241B47004C5C06 /* Cat Nap */,
			);
		};
/* End PBXProject section */

/* Begin PBXResourcesBuildPhase section */
		CDB9D6FD1D241B47004C5C06 /* Resources */ = {
			isa = PBXResourcesBuildPhase;
			buildActionMask = 2147483647;
			files = (
				CDB9D7251D242129004C5C06 /* Cat.sks in Resources */,
				CD372A831D25723900F947F9 /* Cat_WakeUp.sks in Resources */,
				CDB9D7211D241E3E004C5C06 /* win.mp3 in Resources */,
				CDB9D7051D241B47004C5C06 /* GameScene.sks in Resources */,
				CD372A811D2571B400F947F9 /* CatCurl.sks in Resources */,
				CDB9D7111D241B47004C5C06 /* LaunchScreen.storyboard in Resources */,
				CDB9D70E1D241B47004C5C06 /* Assets.xcassets in Resources */,
				CDB9D71D1D241E3E004C5C06 /* backgroundMusic.mp3 in Resources */,
				CDB9D7201D241E3E004C5C06 /* pop.mp3 in Resources */,
				CDB9D71F1D241E3E004C5C06 /* mrreow.mp3 in Resources */,
				CDB9D70C1D241B47004C5C06 /* Main.storyboard in Resources */,
				CDB9D71E1D241E3E004C5C06 /* lose.mp3 in Resources */,
			);
			runOnlyForDeploymentPostprocessing = 0;
		};
/* End PBXResourcesBuildPhase section */

/* Begin PBXSourcesBuildPhase section */
		CDB9D6FB1D241B47004C5C06 /* Sources */ = {
			isa = PBXSourcesBuildPhase;
			buildActionMask = 2147483647;
			files = (
				CDB86EEA1D27FF6A00A7A818 /* CGPoint+Extensions.swift in Sources */,
				CDB86EF81D2806B700A7A818 /* MessageNode.swift in Sources */,
				CDB86EF21D27FF6A00A7A818 /* SKTEffects.swift in Sources */,
				CDB86EED1D27FF6A00A7A818 /* SKAction+Extensions.swift in Sources */,
				CDB9D7071D241B47004C5C06 /* GameScene.swift in Sources */,
				CDB86EF01D27FF6A00A7A818 /* SKNode+Extensions.swift in Sources */,
				CDB86EDB1D27FB9900A7A818 /* CatNode.swift in Sources */,
				CDB86EF31D27FF6A00A7A818 /* SKTTimingFunctions.swift in Sources */,
				CDB86EEE1D27FF6A00A7A818 /* SKAction+SpecialEffects.swift in Sources */,
				CDB86EEC1D27FF6A00A7A818 /* Int+Extensions.swift in Sources */,
				CDB86EF61D28031C00A7A818 /* BlockNode.swift in Sources */,
				CDB86EF41D27FF6A00A7A818 /* Vector3.swift in Sources */,
				CDB86ED91D27FA3D00A7A818 /* BedNode.swift in Sources */,
				CDB86EEF1D27FF6A00A7A818 /* SKColor+Extensions.swift in Sources */,
				CDB86EEB1D27FF6A00A7A818 /* CGVector+Extensions.swift in Sources */,
				CDB9D7091D241B47004C5C06 /* GameViewController.swift in Sources */,
				CDB86EF11D27FF6A00A7A818 /* SKTAudio.swift in Sources */,
				CDB86EE91D27FF6A00A7A818 /* CGFloat+Extensions.swift in Sources */,
				CDB9D7031D241B47004C5C06 /* AppDelegate.swift in Sources */,
			);
			runOnlyForDeploymentPostprocessing = 0;
		};
/* End PBXSourcesBuildPhase section */

/* Begin PBXVariantGroup section */
		CDB9D70A1D241B47004C5C06 /* Main.storyboard */ = {
			isa = PBXVariantGroup;
			children = (
				CDB9D70B1D241B47004C5C06 /* Base */,
			);
			name = Main.storyboard;
			sourceTree = "<group>";
		};
		CDB9D70F1D241B47004C5C06 /* LaunchScreen.storyboard */ = {
			isa = PBXVariantGroup;
			children = (
				CDB9D7101D241B47004C5C06 /* Base */,
			);
			name = LaunchScreen.storyboard;
			sourceTree = "<group>";
		};
/* End PBXVariantGroup section */

/* Begin XCBuildConfiguration section */
		CDB9D7131D241B47004C5C06 /* Debug */ = {
			isa = XCBuildConfiguration;
			buildSettings = {
				ALWAYS_SEARCH_USER_PATHS = NO;
				CLANG_ANALYZER_NONNULL = YES;
				CLANG_CXX_LANGUAGE_STANDARD = "gnu++0x";
				CLANG_CXX_LIBRARY = "libc++";
				CLANG_ENABLE_MODULES = YES;
				CLANG_ENABLE_OBJC_ARC = YES;
				CLANG_WARN_BOOL_CONVERSION = YES;
				CLANG_WARN_CONSTANT_CONVERSION = YES;
				CLANG_WARN_DIRECT_OBJC_ISA_USAGE = YES_ERROR;
				CLANG_WARN_EMPTY_BODY = YES;
				CLANG_WARN_ENUM_CONVERSION = YES;
				CLANG_WARN_INT_CONVERSION = YES;
				CLANG_WARN_OBJC_ROOT_CLASS = YES_ERROR;
				CLANG_WARN_UNREACHABLE_CODE = YES;
				CLANG_WARN__DUPLICATE_METHOD_MATCH = YES;
				"CODE_SIGN_IDENTITY[sdk=iphoneos*]" = "iPhone Developer";
				COPY_PHASE_STRIP = NO;
				DEBUG_INFORMATION_FORMAT = "dwarf-with-dsym";
				ENABLE_STRICT_OBJC_MSGSEND = YES;
				ENABLE_TESTABILITY = YES;
				GCC_C_LANGUAGE_STANDARD = gnu99;
				GCC_DYNAMIC_NO_PIC = NO;
				GCC_NO_COMMON_BLOCKS = YES;
				GCC_OPTIMIZATION_LEVEL = 0;
				GCC_PREPROCESSOR_DEFINITIONS = (
					"DEBUG=1",
					"$(inherited)",
				);
				GCC_WARN_64_TO_32_BIT_CONVERSION = YES;
				GCC_WARN_ABOUT_RETURN_TYPE = YES_ERROR;
				GCC_WARN_UNDECLARED_SELECTOR = YES;
				GCC_WARN_UNINITIALIZED_AUTOS = YES_AGGRESSIVE;
				GCC_WARN_UNUSED_FUNCTION = YES;
				GCC_WARN_UNUSED_VARIABLE = YES;
				IPHONEOS_DEPLOYMENT_TARGET = 9.3;
				MTL_ENABLE_DEBUG_INFO = YES;
				ONLY_ACTIVE_ARCH = YES;
				SDKROOT = iphoneos;
				SWIFT_OPTIMIZATION_LEVEL = "-Onone";
				TARGETED_DEVICE_FAMILY = "1,2";
			};
			name = Debug;
		};
		CDB9D7141D241B47004C5C06 /* Release */ = {
			isa = XCBuildConfiguration;
			buildSettings = {
				ALWAYS_SEARCH_USER_PATHS = NO;
				CLANG_ANALYZER_NONNULL = YES;
				CLANG_CXX_LANGUAGE_STANDARD = "gnu++0x";
				CLANG_CXX_LIBRARY = "libc++";
				CLANG_ENABLE_MODULES = YES;
				CLANG_ENABLE_OBJC_ARC = YES;
				CLANG_WARN_BOOL_CONVERSION = YES;
				CLANG_WARN_CONSTANT_CONVERSION = YES;
				CLANG_WARN_DIRECT_OBJC_ISA_USAGE = YES_ERROR;
				CLANG_WARN_EMPTY_BODY = YES;
				CLANG_WARN_ENUM_CONVERSION = YES;
				CLANG_WARN_INT_CONVERSION = YES;
				CLANG_WARN_OBJC_ROOT_CLASS = YES_ERROR;
				CLANG_WARN_UNREACHABLE_CODE = YES;
				CLANG_WARN__DUPLICATE_METHOD_MATCH = YES;
				"CODE_SIGN_IDENTITY[sdk=iphoneos*]" = "iPhone Developer";
				COPY_PHASE_STRIP = NO;
				DEBUG_INFORMATION_FORMAT = "dwarf-with-dsym";
				ENABLE_NS_ASSERTIONS = NO;
				ENABLE_STRICT_OBJC_MSGSEND = YES;
				GCC_C_LANGUAGE_STANDARD = gnu99;
				GCC_NO_COMMON_BLOCKS = YES;
				GCC_WARN_64_TO_32_BIT_CONVERSION = YES;
				GCC_WARN_ABOUT_RETURN_TYPE = YES_ERROR;
				GCC_WARN_UNDECLARED_SELECTOR = YES;
				GCC_WARN_UNINITIALIZED_AUTOS = YES_AGGRESSIVE;
				GCC_WARN_UNUSED_FUNCTION = YES;
				GCC_WARN_UNUSED_VARIABLE = YES;
				IPHONEOS_DEPLOYMENT_TARGET = 9.3;
				MTL_ENABLE_DEBUG_INFO = NO;
				SDKROOT = iphoneos;
				TARGETED_DEVICE_FAMILY = "1,2";
				VALIDATE_PRODUCT = YES;
			};
			name = Release;
		};
		CDB9D7161D241B47004C5C06 /* Debug */ = {
			isa = XCBuildConfiguration;
			buildSettings = {
				ASSETCATALOG_COMPILER_APPICON_NAME = AppIcon;
				INFOPLIST_FILE = "Cat Nap/Info.plist";
				LD_RUNPATH_SEARCH_PATHS = "$(inherited) @executable_path/Frameworks";
				PRODUCT_BUNDLE_IDENTIFIER = "abc.Cat-Nap";
				PRODUCT_NAME = "$(TARGET_NAME)";
			};
			name = Debug;
		};
		CDB9D7171D241B47004C5C06 /* Release */ = {
			isa = XCBuildConfiguration;
			buildSettings = {
				ASSETCATALOG_COMPILER_APPICON_NAME = AppIcon;
				INFOPLIST_FILE = "Cat Nap/Info.plist";
				LD_RUNPATH_SEARCH_PATHS = "$(inherited) @executable_path/Frameworks";
				PRODUCT_BUNDLE_IDENTIFIER = "abc.Cat-Nap";
				PRODUCT_NAME = "$(TARGET_NAME)";
			};
			name = Release;
		};
/* End XCBuildConfiguration section */

/* Begin XCConfigurationList section */
		CDB9D6FA1D241B47004C5C06 /* Build configuration list for PBXProject "Cat Nap" */ = {
			isa = XCConfigurationList;
			buildConfigurations = (
				CDB9D7131D241B47004C5C06 /* Debug */,
				CDB9D7141D241B47004C5C06 /* Release */,
			);
			defaultConfigurationIsVisible = 0;
			defaultConfigurationName = Release;
		};
		CDB9D7151D241B47004C5C06 /* Build configuration list for PBXNativeTarget "Cat Nap" */ = {
			isa = XCConfigurationList;
			buildConfigurations = (
				CDB9D7161D241B47004C5C06 /* Debug */,
				CDB9D7171D241B47004C5C06 /* Release */,
			);
			defaultConfigurationIsVisible = 0;
			defaultConfigurationName = Release;
		};
/* End XCConfigurationList section */
	};
	rootObject = CDB9D6F71D241B47004C5C06 /* Project object */;
}
